
Microsoft Visual Studio Solution File, Format Version 12.00
# Visual Studio Version 17
VisualStudioVersion = 17.8.34330.188
MinimumVisualStudioVersion = 10.0.40219.1
Project("{FAE04EC0-301F-11D3-BF4B-00C04F79EFBC}") = "HaverDevProject", "HaverDevProject\HaverDevProject.csproj", "{2879D98A-FB1F-4FA0-84DC-C3D062968A76}"
EndProject
Global
	GlobalSection(SolutionConfigurationPlatforms) = preSolution
		Debug|Any CPU = Debug|Any CPU
		Release|Any CPU = Release|Any CPU
	EndGlobalSection
	GlobalSection(ProjectConfigurationPlatforms) = postSolution
		{2879D98A-FB1F-4FA0-84DC-C3D062968A76}.Debug|Any CPU.ActiveCfg = Debug|Any CPU
		{2879D98A-FB1F-4FA0-84DC-C3D062968A76}.Debug|Any CPU.Build.0 = Debug|Any CPU
		{2879D98A-FB1F-4FA0-84DC-C3D062968A76}.Release|Any CPU.ActiveCfg = Release|Any CPU
		{2879D98A-FB1F-4FA0-84DC-C3D062968A76}.Release|Any CPU.Build.0 = Release|Any CPU
	EndGlobalSection
	GlobalSection(SolutionProperties) = preSolution
		HideSolutionNode = FALSE
	EndGlobalSection
	GlobalSection(ExtensibilityGlobals) = postSolution
		SolutionGuid = {234E8CED-967D-423C-8DFE-964E466D2492}
	EndGlobalSection
EndGlobal
